
Microsoft Visual Studio Solution File, Format Version 12.00
# Visual Studio Version 17
VisualStudioVersion = 17.6.33712.159
MinimumVisualStudioVersion = 10.0.40219.1
Project("{FAE04EC0-301F-11D3-BF4B-00C04F79EFBC}") = "Bridge_Pattern", "Bridge_Pattern\Bridge_Pattern.csproj", "{1E0627B3-03A3-4FBB-BAE5-544961E394CA}"
EndProject
Global
	GlobalSection(SolutionConfigurationPlatforms) = preSolution
		Debug|Any CPU = Debug|Any CPU
		Release|Any CPU = Release|Any CPU
	EndGlobalSection
	GlobalSection(ProjectConfigurationPlatforms) = postSolution
		{1E0627B3-03A3-4FBB-BAE5-544961E394CA}.Debug|Any CPU.ActiveCfg = Debug|Any CPU
		{1E0627B3-03A3-4FBB-BAE5-544961E394CA}.Debug|Any CPU.Build.0 = Debug|Any CPU
		{1E0627B3-03A3-4FBB-BAE5-544961E394CA}.Release|Any CPU.ActiveCfg = Release|Any CPU
		{1E0627B3-03A3-4FBB-BAE5-544961E394CA}.Release|Any CPU.Build.0 = Release|Any CPU
	EndGlobalSection
	GlobalSection(SolutionProperties) = preSolution
		HideSolutionNode = FALSE
	EndGlobalSection
	GlobalSection(ExtensibilityGlobals) = postSolution
		SolutionGuid = {0D2EB13C-B09C-41AD-B8F1-84FF0F1A7C61}
	EndGlobalSection
EndGlobal
