
Microsoft Visual Studio Solution File, Format Version 12.00
# Visual Studio Version 17
VisualStudioVersion = 17.6.33712.159
MinimumVisualStudioVersion = 10.0.40219.1
Project("{FAE04EC0-301F-11D3-BF4B-00C04F79EFBC}") = "Interpreter_Pattern", "Interpreter_Pattern\Interpreter_Pattern.csproj", "{6876B917-088C-4C9E-AAFF-B0AE48713051}"
EndProject
Global
	GlobalSection(SolutionConfigurationPlatforms) = preSolution
		Debug|Any CPU = Debug|Any CPU
		Release|Any CPU = Release|Any CPU
	EndGlobalSection
	GlobalSection(ProjectConfigurationPlatforms) = postSolution
		{6876B917-088C-4C9E-AAFF-B0AE48713051}.Debug|Any CPU.ActiveCfg = Debug|Any CPU
		{6876B917-088C-4C9E-AAFF-B0AE48713051}.Debug|Any CPU.Build.0 = Debug|Any CPU
		{6876B917-088C-4C9E-AAFF-B0AE48713051}.Release|Any CPU.ActiveCfg = Release|Any CPU
		{6876B917-088C-4C9E-AAFF-B0AE48713051}.Release|Any CPU.Build.0 = Release|Any CPU
	EndGlobalSection
	GlobalSection(SolutionProperties) = preSolution
		HideSolutionNode = FALSE
	EndGlobalSection
	GlobalSection(ExtensibilityGlobals) = postSolution
		SolutionGuid = {D13D21C2-FE11-4525-B6EE-8653203246DB}
	EndGlobalSection
EndGlobal
